// !$*UTF8*$!
{
	archiveVersion = 1;
	classes = {
	};
	objectVersion = 46;
	objects = {

/* Begin PBXBuildFile section */
		DC156BB91AC484590011F799 /* ResultsTableViewController.m in Sources */ = {isa = PBXBuildFile; fileRef = DC156BB81AC484590011F799 /* ResultsTableViewController.m */; };
		DC156BBC1AC487280011F799 /* SearchTableViewController.m in Sources */ = {isa = PBXBuildFile; fileRef = DC156BBB1AC487280011F799 /* SearchTableViewController.m */; };
		DC1691721AC0DE2D00D22FDC /* main.m in Sources */ = {isa = PBXBuildFile; fileRef = DC1691711AC0DE2D00D22FDC /* main.m */; };
		DC1691751AC0DE2D00D22FDC /* AppDelegate.m in Sources */ = {isa = PBXBuildFile; fileRef = DC1691741AC0DE2D00D22FDC /* AppDelegate.m */; };
		DC1691781AC0DE2D00D22FDC /* MainViewController.m in Sources */ = {isa = PBXBuildFile; fileRef = DC1691771AC0DE2D00D22FDC /* MainViewController.m */; };
		DC16917D1AC0DE2D00D22FDC /* Images.xcassets in Resources */ = {isa = PBXBuildFile; fileRef = DC16917C1AC0DE2D00D22FDC /* Images.xcassets */; };
		DC16918C1AC0DE2D00D22FDC /* StephenSowoleUberChallengeTests.m in Sources */ = {isa = PBXBuildFile; fileRef = DC16918B1AC0DE2D00D22FDC /* StephenSowoleUberChallengeTests.m */; };
		DC2BC1F71AC4EF9B00E96404 /* AsyncImageView.m in Sources */ = {isa = PBXBuildFile; fileRef = DC2BC1F61AC4EF9B00E96404 /* AsyncImageView.m */; };
/* End PBXBuildFile section */

/* Begin PBXContainerItemProxy section */
		DC1691861AC0DE2D00D22FDC /* PBXContainerItemProxy */ = {
			isa = PBXContainerItemProxy;
			containerPortal = DC1691641AC0DE2D00D22FDC /* Project object */;
			proxyType = 1;
			remoteGlobalIDString = DC16916B1AC0DE2D00D22FDC;
			remoteInfo = StephenSowoleUberChallenge;
		};
/* End PBXContainerItemProxy section */

/* Begin PBXFileReference section */
		DC156BB71AC484590011F799 /* ResultsTableViewController.h */ = {isa = PBXFileReference; fileEncoding = 4; lastKnownFileType = sourcecode.c.h; path = ResultsTableViewController.h; sourceTree = "<group>"; };
		DC156BB81AC484590011F799 /* ResultsTableViewController.m */ = {isa = PBXFileReference; fileEncoding = 4; lastKnownFileType = sourcecode.c.objc; path = ResultsTableViewController.m; sourceTree = "<group>"; };
		DC156BBA1AC487280011F799 /* SearchTableViewController.h */ = {isa = PBXFileReference; fileEncoding = 4; lastKnownFileType = sourcecode.c.h; path = SearchTableViewController.h; sourceTree = "<group>"; };
		DC156BBB1AC487280011F799 /* SearchTableViewController.m */ = {isa = PBXFileReference; fileEncoding = 4; lastKnownFileType = sourcecode.c.objc; path = SearchTableViewController.m; sourceTree = "<group>"; };
		DC16916C1AC0DE2D00D22FDC /* StephenSowoleUberChallenge.app */ = {isa = PBXFileReference; explicitFileType = wrapper.application; includeInIndex = 0; path = StephenSowoleUberChallenge.app; sourceTree = BUILT_PRODUCTS_DIR; };
		DC1691701AC0DE2D00D22FDC /* Info.plist */ = {isa = PBXFileReference; lastKnownFileType = text.plist.xml; path = Info.plist; sourceTree = "<group>"; };
		DC1691711AC0DE2D00D22FDC /* main.m */ = {isa = PBXFileReference; lastKnownFileType = sourcecode.c.objc; path = main.m; sourceTree = "<group>"; };
		DC1691731AC0DE2D00D22FDC /* AppDelegate.h */ = {isa = PBXFileReference; lastKnownFileType = sourcecode.c.h; path = AppDelegate.h; sourceTree = "<group>"; };
		DC1691741AC0DE2D00D22FDC /* AppDelegate.m */ = {isa = PBXFileReference; lastKnownFileType = sourcecode.c.objc; path = AppDelegate.m; sourceTree = "<group>"; };
		DC1691761AC0DE2D00D22FDC /* MainViewController.h */ = {isa = PBXFileReference; lastKnownFileType = sourcecode.c.h; path = MainViewController.h; sourceTree = "<group>"; };
		DC1691771AC0DE2D00D22FDC /* MainViewController.m */ = {isa = PBXFileReference; lastKnownFileType = sourcecode.c.objc; path = MainViewController.m; sourceTree = "<group>"; };
		DC16917C1AC0DE2D00D22FDC /* Images.xcassets */ = {isa = PBXFileReference; lastKnownFileType = folder.assetcatalog; path = Images.xcassets; sourceTree = "<group>"; };
		DC1691851AC0DE2D00D22FDC /* StephenSowoleUberChallengeTests.xctest */ = {isa = PBXFileReference; explicitFileType = wrapper.cfbundle; includeInIndex = 0; path = StephenSowoleUberChallengeTests.xctest; sourceTree = BUILT_PRODUCTS_DIR; };
		DC16918A1AC0DE2D00D22FDC /* Info.plist */ = {isa = PBXFileReference; lastKnownFileType = text.plist.xml; path = Info.plist; sourceTree = "<group>"; };
		DC16918B1AC0DE2D00D22FDC /* StephenSowoleUberChallengeTests.m */ = {isa = PBXFileReference; lastKnownFileType = sourcecode.c.objc; path = StephenSowoleUberChallengeTests.m; sourceTree = "<group>"; };
		DC1691991AC0E91D00D22FDC /* Constants.h */ = {isa = PBXFileReference; fileEncoding = 4; lastKnownFileType = sourcecode.c.h; path = Constants.h; sourceTree = "<group>"; };
		DC2BC1F51AC4EF9B00E96404 /* AsyncImageView.h */ = {isa = PBXFileReference; fileEncoding = 4; lastKnownFileType = sourcecode.c.h; path = AsyncImageView.h; sourceTree = "<group>"; };
		DC2BC1F61AC4EF9B00E96404 /* AsyncImageView.m */ = {isa = PBXFileReference; fileEncoding = 4; lastKnownFileType = sourcecode.c.objc; path = AsyncImageView.m; sourceTree = "<group>"; };
/* End PBXFileReference section */

/* Begin PBXFrameworksBuildPhase section */
		DC1691691AC0DE2D00D22FDC /* Frameworks */ = {
			isa = PBXFrameworksBuildPhase;
			buildActionMask = 2147483647;
			files = (
			);
			runOnlyForDeploymentPostprocessing = 0;
		};
		DC1691821AC0DE2D00D22FDC /* Frameworks */ = {
			isa = PBXFrameworksBuildPhase;
			buildActionMask = 2147483647;
			files = (
			);
			runOnlyForDeploymentPostprocessing = 0;
		};
/* End PBXFrameworksBuildPhase section */

/* Begin PBXGroup section */
		DC1691631AC0DE2D00D22FDC = {
			isa = PBXGroup;
			children = (
				DC16916E1AC0DE2D00D22FDC /* StephenSowoleUberChallenge */,
				DC1691881AC0DE2D00D22FDC /* StephenSowoleUberChallengeTests */,
				DC16916D1AC0DE2D00D22FDC /* Products */,
			);
			sourceTree = "<group>";
		};
		DC16916D1AC0DE2D00D22FDC /* Products */ = {
			isa = PBXGroup;
			children = (
				DC16916C1AC0DE2D00D22FDC /* StephenSowoleUberChallenge.app */,
				DC1691851AC0DE2D00D22FDC /* StephenSowoleUberChallengeTests.xctest */,
			);
			name = Products;
			sourceTree = "<group>";
		};
		DC16916E1AC0DE2D00D22FDC /* StephenSowoleUberChallenge */ = {
			isa = PBXGroup;
			children = (
				DC2BC1F31AC4EF8F00E96404 /* Libraries */,
				DC1691981AC0E8FE00D22FDC /* Constants */,
				DC1691731AC0DE2D00D22FDC /* AppDelegate.h */,
				DC1691741AC0DE2D00D22FDC /* AppDelegate.m */,
				DC1691761AC0DE2D00D22FDC /* MainViewController.h */,
				DC1691771AC0DE2D00D22FDC /* MainViewController.m */,
				DC156BBA1AC487280011F799 /* SearchTableViewController.h */,
				DC156BBB1AC487280011F799 /* SearchTableViewController.m */,
				DC156BB71AC484590011F799 /* ResultsTableViewController.h */,
				DC156BB81AC484590011F799 /* ResultsTableViewController.m */,
				DC16917C1AC0DE2D00D22FDC /* Images.xcassets */,
				DC16916F1AC0DE2D00D22FDC /* Supporting Files */,
			);
			path = StephenSowoleUberChallenge;
			sourceTree = "<group>";
		};
		DC16916F1AC0DE2D00D22FDC /* Supporting Files */ = {
			isa = PBXGroup;
			children = (
				DC1691701AC0DE2D00D22FDC /* Info.plist */,
				DC1691711AC0DE2D00D22FDC /* main.m */,
			);
			name = "Supporting Files";
			sourceTree = "<group>";
		};
		DC1691881AC0DE2D00D22FDC /* StephenSowoleUberChallengeTests */ = {
			isa = PBXGroup;
			children = (
				DC16918B1AC0DE2D00D22FDC /* StephenSowoleUberChallengeTests.m */,
				DC1691891AC0DE2D00D22FDC /* Supporting Files */,
			);
			path = StephenSowoleUberChallengeTests;
			sourceTree = "<group>";
		};
		DC1691891AC0DE2D00D22FDC /* Supporting Files */ = {
			isa = PBXGroup;
			children = (
				DC16918A1AC0DE2D00D22FDC /* Info.plist */,
			);
			name = "Supporting Files";
			sourceTree = "<group>";
		};
		DC1691981AC0E8FE00D22FDC /* Constants */ = {
			isa = PBXGroup;
			children = (
				DC1691991AC0E91D00D22FDC /* Constants.h */,
			);
			name = Constants;
			sourceTree = "<group>";
		};
		DC2BC1F31AC4EF8F00E96404 /* Libraries */ = {
			isa = PBXGroup;
			children = (
				DC2BC1F41AC4EF9B00E96404 /* AsyncImageView */,
			);
			name = Libraries;
			sourceTree = "<group>";
		};
		DC2BC1F41AC4EF9B00E96404 /* AsyncImageView */ = {
			isa = PBXGroup;
			children = (
				DC2BC1F51AC4EF9B00E96404 /* AsyncImageView.h */,
				DC2BC1F61AC4EF9B00E96404 /* AsyncImageView.m */,
			);
			path = AsyncImageView;
			sourceTree = "<group>";
		};
/* End PBXGroup section */

/* Begin PBXNativeTarget section */
		DC16916B1AC0DE2D00D22FDC /* StephenSowoleUberChallenge */ = {
			isa = PBXNativeTarget;
			buildConfigurationList = DC16918F1AC0DE2D00D22FDC /* Build configuration list for PBXNativeTarget "StephenSowoleUberChallenge" */;
			buildPhases = (
				DC1691681AC0DE2D00D22FDC /* Sources */,
				DC1691691AC0DE2D00D22FDC /* Frameworks */,
				DC16916A1AC0DE2D00D22FDC /* Resources */,
			);
			buildRules = (
			);
			dependencies = (
			);
			name = StephenSowoleUberChallenge;
			productName = StephenSowoleUberChallenge;
			productReference = DC16916C1AC0DE2D00D22FDC /* StephenSowoleUberChallenge.app */;
			productType = "com.apple.product-type.application";
		};
		DC1691841AC0DE2D00D22FDC /* StephenSowoleUberChallengeTests */ = {
			isa = PBXNativeTarget;
			buildConfigurationList = DC1691921AC0DE2D00D22FDC /* Build configuration list for PBXNativeTarget "StephenSowoleUberChallengeTests" */;
			buildPhases = (
				DC1691811AC0DE2D00D22FDC /* Sources */,
				DC1691821AC0DE2D00D22FDC /* Frameworks */,
				DC1691831AC0DE2D00D22FDC /* Resources */,
			);
			buildRules = (
			);
			dependencies = (
				DC1691871AC0DE2D00D22FDC /* PBXTargetDependency */,
			);
			name = StephenSowoleUberChallengeTests;
			productName = StephenSowoleUberChallengeTests;
			productReference = DC1691851AC0DE2D00D22FDC /* StephenSowoleUberChallengeTests.xctest */;
			productType = "com.apple.product-type.bundle.unit-test";
		};
/* End PBXNativeTarget section */

/* Begin PBXProject section */
		DC1691641AC0DE2D00D22FDC /* Project object */ = {
			isa = PBXProject;
			attributes = {
				LastUpgradeCheck = 0620;
				ORGANIZATIONNAME = "Stephen Sowole";
				TargetAttributes = {
					DC16916B1AC0DE2D00D22FDC = {
						CreatedOnToolsVersion = 6.2;
						DevelopmentTeam = 49MJRZBUY4;
					};
					DC1691841AC0DE2D00D22FDC = {
						CreatedOnToolsVersion = 6.2;
						TestTargetID = DC16916B1AC0DE2D00D22FDC;
					};
				};
			};
			buildConfigurationList = DC1691671AC0DE2D00D22FDC /* Build configuration list for PBXProject "StephenSowoleUberChallenge" */;
			compatibilityVersion = "Xcode 3.2";
			developmentRegion = English;
			hasScannedForEncodings = 0;
			knownRegions = (
				en,
				Base,
			);
			mainGroup = DC1691631AC0DE2D00D22FDC;
			productRefGroup = DC16916D1AC0DE2D00D22FDC /* Products */;
			projectDirPath = "";
			projectRoot = "";
			targets = (
				DC16916B1AC0DE2D00D22FDC /* StephenSowoleUberChallenge */,
				DC1691841AC0DE2D00D22FDC /* StephenSowoleUberChallengeTests */,
			);
		};
/* End PBXProject section */

/* Begin PBXResourcesBuildPhase section */
		DC16916A1AC0DE2D00D22FDC /* Resources */ = {
			isa = PBXResourcesBuildPhase;
			buildActionMask = 2147483647;
			files = (
				DC16917D1AC0DE2D00D22FDC /* Images.xcassets in Resources */,
			);
			runOnlyForDeploymentPostprocessing = 0;
		};
		DC1691831AC0DE2D00D22FDC /* Resources */ = {
			isa = PBXResourcesBuildPhase;
			buildActionMask = 2147483647;
			files = (
			);
			runOnlyForDeploymentPostprocessing = 0;
		};
/* End PBXResourcesBuildPhase section */

/* Begin PBXSourcesBuildPhase section */
		DC1691681AC0DE2D00D22FDC /* Sources */ = {
			isa = PBXSourcesBuildPhase;
			buildActionMask = 2147483647;
			files = (
				DC1691781AC0DE2D00D22FDC /* MainViewController.m in Sources */,
				DC2BC1F71AC4EF9B00E96404 /* AsyncImageView.m in Sources */,
				DC1691751AC0DE2D00D22FDC /* AppDelegate.m in Sources */,
				DC156BBC1AC487280011F799 /* SearchTableViewController.m in Sources */,
				DC1691721AC0DE2D00D22FDC /* main.m in Sources */,
				DC156BB91AC484590011F799 /* ResultsTableViewController.m in Sources */,
			);
			runOnlyForDeploymentPostprocessing = 0;
		};
		DC1691811AC0DE2D00D22FDC /* Sources */ = {
			isa = PBXSourcesBuildPhase;
			buildActionMask = 2147483647;
			files = (
				DC16918C1AC0DE2D00D22FDC /* StephenSowoleUberChallengeTests.m in Sources */,
			);
			runOnlyForDeploymentPostprocessing = 0;
		};
/* End PBXSourcesBuildPhase section */

/* Begin PBXTargetDependency section */
		DC1691871AC0DE2D00D22FDC /* PBXTargetDependency */ = {
			isa = PBXTargetDependency;
			target = DC16916B1AC0DE2D00D22FDC /* StephenSowoleUberChallenge */;
			targetProxy = DC1691861AC0DE2D00D22FDC /* PBXContainerItemProxy */;
		};
/* End PBXTargetDependency section */

/* Begin XCBuildConfiguration section */
		DC16918D1AC0DE2D00D22FDC /* Debug */ = {
			isa = XCBuildConfiguration;
			buildSettings = {
				ALWAYS_SEARCH_USER_PATHS = NO;
				CLANG_CXX_LANGUAGE_STANDARD = "gnu++0x";
				CLANG_CXX_LIBRARY = "libc++";
				CLANG_ENABLE_MODULES = YES;
				CLANG_ENABLE_OBJC_ARC = YES;
				CLANG_WARN_BOOL_CONVERSION = YES;
				CLANG_WARN_CONSTANT_CONVERSION = YES;
				CLANG_WARN_DIRECT_OBJC_ISA_USAGE = YES_ERROR;
				CLANG_WARN_EMPTY_BODY = YES;
				CLANG_WARN_ENUM_CONVERSION = YES;
				CLANG_WARN_INT_CONVERSION = YES;
				CLANG_WARN_OBJC_ROOT_CLASS = YES_ERROR;
				CLANG_WARN_UNREACHABLE_CODE = YES;
				CLANG_WARN__DUPLICATE_METHOD_MATCH = YES;
				"CODE_SIGN_IDENTITY[sdk=iphoneos*]" = "iPhone Developer";
				COPY_PHASE_STRIP = NO;
				ENABLE_STRICT_OBJC_MSGSEND = YES;
				GCC_C_LANGUAGE_STANDARD = gnu99;
				GCC_DYNAMIC_NO_PIC = NO;
				GCC_OPTIMIZATION_LEVEL = 0;
				GCC_PREPROCESSOR_DEFINITIONS = (
					"DEBUG=1",
					"$(inherited)",
				);
				GCC_SYMBOLS_PRIVATE_EXTERN = NO;
				GCC_WARN_64_TO_32_BIT_CONVERSION = YES;
				GCC_WARN_ABOUT_RETURN_TYPE = YES_ERROR;
				GCC_WARN_UNDECLARED_SELECTOR = YES;
				GCC_WARN_UNINITIALIZED_AUTOS = YES_AGGRESSIVE;
				GCC_WARN_UNUSED_FUNCTION = YES;
				GCC_WARN_UNUSED_VARIABLE = YES;
				IPHONEOS_DEPLOYMENT_TARGET = 7.0;
				MTL_ENABLE_DEBUG_INFO = YES;
				ONLY_ACTIVE_ARCH = YES;
				SDKROOT = iphoneos;
			};
			name = Debug;
		};
		DC16918E1AC0DE2D00D22FDC /* Release */ = {
			isa = XCBuildConfiguration;
			buildSettings = {
				ALWAYS_SEARCH_USER_PATHS = NO;
				CLANG_CXX_LANGUAGE_STANDARD = "gnu++0x";
				CLANG_CXX_LIBRARY = "libc++";
				CLANG_ENABLE_MODULES = YES;
				CLANG_ENABLE_OBJC_ARC = YES;
				CLANG_WARN_BOOL_CONVERSION = YES;
				CLANG_WARN_CONSTANT_CONVERSION = YES;
				CLANG_WARN_DIRECT_OBJC_ISA_USAGE = YES_ERROR;
				CLANG_WARN_EMPTY_BODY = YES;
				CLANG_WARN_ENUM_CONVERSION = YES;
				CLANG_WARN_INT_CONVERSION = YES;
				CLANG_WARN_OBJC_ROOT_CLASS = YES_ERROR;
				CLANG_WARN_UNREACHABLE_CODE = YES;
				CLANG_WARN__DUPLICATE_METHOD_MATCH = YES;
				"CODE_SIGN_IDENTITY[sdk=iphoneos*]" = "iPhone Developer";
				COPY_PHASE_STRIP = NO;
				ENABLE_NS_ASSERTIONS = NO;
				ENABLE_STRICT_OBJC_MSGSEND = YES;
				GCC_C_LANGUAGE_STANDARD = gnu99;
				GCC_WARN_64_TO_32_BIT_CONVERSION = YES;
				GCC_WARN_ABOUT_RETURN_TYPE = YES_ERROR;
				GCC_WARN_UNDECLARED_SELECTOR = YES;
				GCC_WARN_UNINITIALIZED_AUTOS = YES_AGGRESSIVE;
				GCC_WARN_UNUSED_FUNCTION = YES;
				GCC_WARN_UNUSED_VARIABLE = YES;
				IPHONEOS_DEPLOYMENT_TARGET = 7.0;
				MTL_ENABLE_DEBUG_INFO = NO;
				SDKROOT = iphoneos;
				VALIDATE_PRODUCT = YES;
			};
			name = Release;
		};
		DC1691901AC0DE2D00D22FDC /* Debug */ = {
			isa = XCBuildConfiguration;
			buildSettings = {
				ASSETCATALOG_COMPILER_APPICON_NAME = AppIcon;
				ASSETCATALOG_COMPILER_LAUNCHIMAGE_NAME = LaunchImage;
				CODE_SIGN_IDENTITY = "iPhone Developer";
				"CODE_SIGN_IDENTITY[sdk=iphoneos*]" = "iPhone Developer";
				INFOPLIST_FILE = StephenSowoleUberChallenge/Info.plist;
				IPHONEOS_DEPLOYMENT_TARGET = 7.0;
				LD_RUNPATH_SEARCH_PATHS = "$(inherited) @executable_path/Frameworks";
				PRODUCT_NAME = "$(TARGET_NAME)";
				PROVISIONING_PROFILE = "";
			};
			name = Debug;
		};
		DC1691911AC0DE2D00D22FDC /* Release */ = {
			isa = XCBuildConfiguration;
			buildSettings = {
				ASSETCATALOG_COMPILER_APPICON_NAME = AppIcon;
				ASSETCATALOG_COMPILER_LAUNCHIMAGE_NAME = LaunchImage;
				CODE_SIGN_IDENTITY = "iPhone Developer";
				"CODE_SIGN_IDENTITY[sdk=iphoneos*]" = "iPhone Developer";
				INFOPLIST_FILE = StephenSowoleUberChallenge/Info.plist;
				IPHONEOS_DEPLOYMENT_TARGET = 7.0;
				LD_RUNPATH_SEARCH_PATHS = "$(inherited) @executable_path/Frameworks";
				PRODUCT_NAME = "$(TARGET_NAME)";
				PROVISIONING_PROFILE = "";
			};
			name = Release;
		};
		DC1691931AC0DE2D00D22FDC /* Debug */ = {
			isa = XCBuildConfiguration;
			buildSettings = {
				BUNDLE_LOADER = "$(TEST_HOST)";
				FRAMEWORK_SEARCH_PATHS = (
					"$(SDKROOT)/Developer/Library/Frameworks",
					"$(inherited)",
				);
				GCC_PREPROCESSOR_DEFINITIONS = (
					"DEBUG=1",
					"$(inherited)",
				);
				INFOPLIST_FILE = StephenSowoleUberChallengeTests/Info.plist;
				LD_RUNPATH_SEARCH_PATHS = "$(inherited) @executable_path/Frameworks @loader_path/Frameworks";
				PRODUCT_NAME = "$(TARGET_NAME)";
				TEST_HOST = "$(BUILT_PRODUCTS_DIR)/StephenSowoleUberChallenge.app/StephenSowoleUberChallenge";
			};
			name = Debug;
		};
		DC1691941AC0DE2D00D22FDC /* Release */ = {
			isa = XCBuildConfiguration;
			buildSettings = {
				BUNDLE_LOADER = "$(TEST_HOST)";
				FRAMEWORK_SEARCH_PATHS = (
					"$(SDKROOT)/Developer/Library/Frameworks",
					"$(inherited)",
				);
				INFOPLIST_FILE = StephenSowoleUberChallengeTests/Info.plist;
				LD_RUNPATH_SEARCH_PATHS = "$(inherited) @executable_path/Frameworks @loader_path/Frameworks";
				PRODUCT_NAME = "$(TARGET_NAME)";
				TEST_HOST = "$(BUILT_PRODUCTS_DIR)/StephenSowoleUberChallenge.app/StephenSowoleUberChallenge";
			};
			name = Release;
		};
/* End XCBuildConfiguration section */

/* Begin XCConfigurationList section */
		DC1691671AC0DE2D00D22FDC /* Build configuration list for PBXProject "StephenSowoleUberChallenge" */ = {
			isa = XCConfigurationList;
			buildConfigurations = (
				DC16918D1AC0DE2D00D22FDC /* Debug */,
				DC16918E1AC0DE2D00D22FDC /* Release */,
			);
			defaultConfigurationIsVisible = 0;
			defaultConfigurationName = Release;
		};
		DC16918F1AC0DE2D00D22FDC /* Build configuration list for PBXNativeTarget "StephenSowoleUberChallenge" */ = {
			isa = XCConfigurationList;
			buildConfigurations = (
				DC1691901AC0DE2D00D22FDC /* Debug */,
				DC1691911AC0DE2D00D22FDC /* Release */,
			);
			defaultConfigurationIsVisible = 0;
			defaultConfigurationName = Release;
		};
		DC1691921AC0DE2D00D22FDC /* Build configuration list for PBXNativeTarget "StephenSowoleUberChallengeTests" */ = {
			isa = XCConfigurationList;
			buildConfigurations = (
				DC1691931AC0DE2D00D22FDC /* Debug */,
				DC1691941AC0DE2D00D22FDC /* Release */,
			);
			defaultConfigurationIsVisible = 0;
			defaultConfigurationName = Release;
		};
/* End XCConfigurationList section */
	};
	rootObject = DC1691641AC0DE2D00D22FDC /* Project object */;
}
